
Microsoft Visual Studio Solution File, Format Version 11.00
# Visual Studio 2010
Project("{2150E333-8FDC-42A3-9474-1A3956D46DE8}") = "cplusplus", "cplusplus", "{8F7A6BD4-83B5-4230-8395-98EAC87E46FF}"
EndProject
Project("{2150E333-8FDC-42A3-9474-1A3956D46DE8}") = "net", "net", "{7B81D151-3F9D-4547-BA6B-C4A90938520E}"
EndProject
Project("{8BC9CEB8-8B4A-11D0-8D11-00A0C91BC942}") = "BJMT.RsspII4cplus.ITest", "BJMT.RsspII4cplus.ITest\BJMT.RsspII4cplus.ITest.vcxproj", "{D0C8C06E-0421-4013-9307-99B958C00EAD}"
	ProjectSection(ProjectDependencies) = postProject
		{447C888E-4DF2-4967-80CF-D85C60F61539} = {447C888E-4DF2-4967-80CF-D85C60F61539}
	EndProjectSection
EndProject
Project("{FAE04EC0-301F-11D3-BF4B-00C04F79EFBC}") = "BJMT.RsspII4net", "BJMT.RsspII4net\BJMT.RsspII4net.csproj", "{3E70451D-FA44-4705-B258-C0B8F5DB0692}"
EndProject
Project("{FAE04EC0-301F-11D3-BF4B-00C04F79EFBC}") = "BJMT.RsspII4net.UnitTest", "BJMT.RsspII4net.UnitTest\BJMT.RsspII4net.UnitTest.csproj", "{93A5467F-D5F9-4CA9-9909-603AFC806E4F}"
EndProject
Project("{FAE04EC0-301F-11D3-BF4B-00C04F79EFBC}") = "BJMT.RsspII4net.ITest", "BJMT.RsspII4net.ITest\BJMT.RsspII4net.ITest.csproj", "{8521C2C5-E383-41AF-8784-BF0B303548A2}"
EndProject
Project("{8BC9CEB8-8B4A-11D0-8D11-00A0C91BC942}") = "BJMT.RsspII4net.Interop4cpp", "BJMT.RsspII4net.Interop4cpp\BJMT.RsspII4net.Interop4cpp.vcxproj", "{B626B43A-C22F-4185-8FE7-14E501B9B574}"
EndProject
Project("{8BC9CEB8-8B4A-11D0-8D11-00A0C91BC942}") = "BJMT.RsspII4cplus", "BJMT.RsspII4cplus\BJMT.RsspII4cplus.vcxproj", "{447C888E-4DF2-4967-80CF-D85C60F61539}"
EndProject
Project("{2150E333-8FDC-42A3-9474-1A3956D46DE8}") = "net.Interop", "net.Interop", "{9C35F59F-0936-4101-A08C-8073A602DDED}"
EndProject
Project("{8BC9CEB8-8B4A-11D0-8D11-00A0C91BC942}") = "BJMT.RsspII4net.Interop4cpp.ITest", "BJMT.RsspII4net.Interop4cpp.ITest\BJMT.RsspII4net.Interop4cpp.ITest.vcxproj", "{7EEA04CB-9602-4A43-B836-FD724C61C2BC}"
	ProjectSection(ProjectDependencies) = postProject
		{B626B43A-C22F-4185-8FE7-14E501B9B574} = {B626B43A-C22F-4185-8FE7-14E501B9B574}
	EndProjectSection
EndProject
Global
	GlobalSection(SolutionConfigurationPlatforms) = preSolution
		Debug|Any CPU = Debug|Any CPU
		Debug|Win32 = Debug|Win32
		Debug|x64 = Debug|x64
		Release|Any CPU = Release|Any CPU
		Release|Win32 = Release|Win32
		Release|x64 = Release|x64
	EndGlobalSection
	GlobalSection(ProjectConfigurationPlatforms) = postSolution
		{D0C8C06E-0421-4013-9307-99B958C00EAD}.Debug|Any CPU.ActiveCfg = Debug|Win32
		{D0C8C06E-0421-4013-9307-99B958C00EAD}.Debug|Win32.ActiveCfg = Debug|Win32
		{D0C8C06E-0421-4013-9307-99B958C00EAD}.Debug|Win32.Build.0 = Debug|Win32
		{D0C8C06E-0421-4013-9307-99B958C00EAD}.Debug|x64.ActiveCfg = Debug|x64
		{D0C8C06E-0421-4013-9307-99B958C00EAD}.Debug|x64.Build.0 = Debug|x64
		{D0C8C06E-0421-4013-9307-99B958C00EAD}.Release|Any CPU.ActiveCfg = Release|Win32
		{D0C8C06E-0421-4013-9307-99B958C00EAD}.Release|Win32.ActiveCfg = Release|Win32
		{D0C8C06E-0421-4013-9307-99B958C00EAD}.Release|Win32.Build.0 = Release|Win32
		{D0C8C06E-0421-4013-9307-99B958C00EAD}.Release|x64.ActiveCfg = Release|x64
		{D0C8C06E-0421-4013-9307-99B958C00EAD}.Release|x64.Build.0 = Release|x64
		{3E70451D-FA44-4705-B258-C0B8F5DB0692}.Debug|Any CPU.ActiveCfg = Debug|Any CPU
		{3E70451D-FA44-4705-B258-C0B8F5DB0692}.Debug|Any CPU.Build.0 = Debug|Any CPU
		{3E70451D-FA44-4705-B258-C0B8F5DB0692}.Debug|Win32.ActiveCfg = Debug|Any CPU
		{3E70451D-FA44-4705-B258-C0B8F5DB0692}.Debug|Win32.Build.0 = Debug|Any CPU
		{3E70451D-FA44-4705-B258-C0B8F5DB0692}.Debug|x64.ActiveCfg = Debug|Any CPU
		{3E70451D-FA44-4705-B258-C0B8F5DB0692}.Debug|x64.Build.0 = Debug|Any CPU
		{3E70451D-FA44-4705-B258-C0B8F5DB0692}.Release|Any CPU.ActiveCfg = Release|Any CPU
		{3E70451D-FA44-4705-B258-C0B8F5DB0692}.Release|Any CPU.Build.0 = Release|Any CPU
		{3E70451D-FA44-4705-B258-C0B8F5DB0692}.Release|Win32.ActiveCfg = Release|Any CPU
		{3E70451D-FA44-4705-B258-C0B8F5DB0692}.Release|Win32.Build.0 = Release|Any CPU
		{3E70451D-FA44-4705-B258-C0B8F5DB0692}.Release|x64.ActiveCfg = Release|Any CPU
		{3E70451D-FA44-4705-B258-C0B8F5DB0692}.Release|x64.Build.0 = Release|Any CPU
		{93A5467F-D5F9-4CA9-9909-603AFC806E4F}.Debug|Any CPU.ActiveCfg = Debug|Any CPU
		{93A5467F-D5F9-4CA9-9909-603AFC806E4F}.Debug|Win32.ActiveCfg = Debug|Any CPU
		{93A5467F-D5F9-4CA9-9909-603AFC806E4F}.Debug|Win32.Build.0 = Debug|Any CPU
		{93A5467F-D5F9-4CA9-9909-603AFC806E4F}.Debug|x64.ActiveCfg = Debug|Any CPU
		{93A5467F-D5F9-4CA9-9909-603AFC806E4F}.Debug|x64.Build.0 = Debug|Any CPU
		{93A5467F-D5F9-4CA9-9909-603AFC806E4F}.Release|Any CPU.ActiveCfg = Release|Any CPU
		{93A5467F-D5F9-4CA9-9909-603AFC806E4F}.Release|Any CPU.Build.0 = Release|Any CPU
		{93A5467F-D5F9-4CA9-9909-603AFC806E4F}.Release|Win32.ActiveCfg = Release|Any CPU
		{93A5467F-D5F9-4CA9-9909-603AFC806E4F}.Release|Win32.Build.0 = Release|Any CPU
		{93A5467F-D5F9-4CA9-9909-603AFC806E4F}.Release|x64.ActiveCfg = Release|Any CPU
		{93A5467F-D5F9-4CA9-9909-603AFC806E4F}.Release|x64.Build.0 = Release|Any CPU
		{8521C2C5-E383-41AF-8784-BF0B303548A2}.Debug|Any CPU.ActiveCfg = Debug|Any CPU
		{8521C2C5-E383-41AF-8784-BF0B303548A2}.Debug|Any CPU.Build.0 = Debug|Any CPU
		{8521C2C5-E383-41AF-8784-BF0B303548A2}.Debug|Win32.ActiveCfg = Debug|Any CPU
		{8521C2C5-E383-41AF-8784-BF0B303548A2}.Debug|Win32.Build.0 = Debug|Any CPU
		{8521C2C5-E383-41AF-8784-BF0B303548A2}.Debug|x64.ActiveCfg = Debug|Any CPU
		{8521C2C5-E383-41AF-8784-BF0B303548A2}.Debug|x64.Build.0 = Debug|Any CPU
		{8521C2C5-E383-41AF-8784-BF0B303548A2}.Release|Any CPU.ActiveCfg = Release|Any CPU
		{8521C2C5-E383-41AF-8784-BF0B303548A2}.Release|Any CPU.Build.0 = Release|Any CPU
		{8521C2C5-E383-41AF-8784-BF0B303548A2}.Release|Win32.ActiveCfg = Release|Any CPU
		{8521C2C5-E383-41AF-8784-BF0B303548A2}.Release|Win32.Build.0 = Release|Any CPU
		{8521C2C5-E383-41AF-8784-BF0B303548A2}.Release|x64.ActiveCfg = Release|Any CPU
		{8521C2C5-E383-41AF-8784-BF0B303548A2}.Release|x64.Build.0 = Release|Any CPU
		{B626B43A-C22F-4185-8FE7-14E501B9B574}.Debug|Any CPU.ActiveCfg = Debug|Win32
		{B626B43A-C22F-4185-8FE7-14E501B9B574}.Debug|Win32.ActiveCfg = Debug|Win32
		{B626B43A-C22F-4185-8FE7-14E501B9B574}.Debug|Win32.Build.0 = Debug|Win32
		{B626B43A-C22F-4185-8FE7-14E501B9B574}.Debug|x64.ActiveCfg = Debug|x64
		{B626B43A-C22F-4185-8FE7-14E501B9B574}.Debug|x64.Build.0 = Debug|x64
		{B626B43A-C22F-4185-8FE7-14E501B9B574}.Release|Any CPU.ActiveCfg = Release|Win32
		{B626B43A-C22F-4185-8FE7-14E501B9B574}.Release|Win32.ActiveCfg = Release|Win32
		{B626B43A-C22F-4185-8FE7-14E501B9B574}.Release|Win32.Build.0 = Release|Win32
		{B626B43A-C22F-4185-8FE7-14E501B9B574}.Release|x64.ActiveCfg = Release|x64
		{B626B43A-C22F-4185-8FE7-14E501B9B574}.Release|x64.Build.0 = Release|x64
		{447C888E-4DF2-4967-80CF-D85C60F61539}.Debug|Any CPU.ActiveCfg = Debug|Win32
		{447C888E-4DF2-4967-80CF-D85C60F61539}.Debug|Win32.ActiveCfg = Debug|Win32
		{447C888E-4DF2-4967-80CF-D85C60F61539}.Debug|Win32.Build.0 = Debug|Win32
		{447C888E-4DF2-4967-80CF-D85C60F61539}.Debug|x64.ActiveCfg = Debug|x64
		{447C888E-4DF2-4967-80CF-D85C60F61539}.Debug|x64.Build.0 = Debug|x64
		{447C888E-4DF2-4967-80CF-D85C60F61539}.Release|Any CPU.ActiveCfg = Release|Win32
		{447C888E-4DF2-4967-80CF-D85C60F61539}.Release|Win32.ActiveCfg = Release|Win32
		{447C888E-4DF2-4967-80CF-D85C60F61539}.Release|Win32.Build.0 = Release|Win32
		{447C888E-4DF2-4967-80CF-D85C60F61539}.Release|x64.ActiveCfg = Release|x64
		{447C888E-4DF2-4967-80CF-D85C60F61539}.Release|x64.Build.0 = Release|x64
		{7EEA04CB-9602-4A43-B836-FD724C61C2BC}.Debug|Any CPU.ActiveCfg = Debug|Win32
		{7EEA04CB-9602-4A43-B836-FD724C61C2BC}.Debug|Win32.ActiveCfg = Debug|Win32
		{7EEA04CB-9602-4A43-B836-FD724C61C2BC}.Debug|Win32.Build.0 = Debug|Win32
		{7EEA04CB-9602-4A43-B836-FD724C61C2BC}.Debug|x64.ActiveCfg = Debug|x64
		{7EEA04CB-9602-4A43-B836-FD724C61C2BC}.Debug|x64.Build.0 = Debug|x64
		{7EEA04CB-9602-4A43-B836-FD724C61C2BC}.Release|Any CPU.ActiveCfg = Release|Win32
		{7EEA04CB-9602-4A43-B836-FD724C61C2BC}.Release|Win32.ActiveCfg = Release|Win32
		{7EEA04CB-9602-4A43-B836-FD724C61C2BC}.Release|Win32.Build.0 = Release|Win32
		{7EEA04CB-9602-4A43-B836-FD724C61C2BC}.Release|x64.ActiveCfg = Release|x64
		{7EEA04CB-9602-4A43-B836-FD724C61C2BC}.Release|x64.Build.0 = Release|x64
	EndGlobalSection
	GlobalSection(SolutionProperties) = preSolution
		HideSolutionNode = FALSE
	EndGlobalSection
	GlobalSection(NestedProjects) = preSolution
		{D0C8C06E-0421-4013-9307-99B958C00EAD} = {8F7A6BD4-83B5-4230-8395-98EAC87E46FF}
		{447C888E-4DF2-4967-80CF-D85C60F61539} = {8F7A6BD4-83B5-4230-8395-98EAC87E46FF}
		{3E70451D-FA44-4705-B258-C0B8F5DB0692} = {7B81D151-3F9D-4547-BA6B-C4A90938520E}
		{93A5467F-D5F9-4CA9-9909-603AFC806E4F} = {7B81D151-3F9D-4547-BA6B-C4A90938520E}
		{8521C2C5-E383-41AF-8784-BF0B303548A2} = {7B81D151-3F9D-4547-BA6B-C4A90938520E}
		{B626B43A-C22F-4185-8FE7-14E501B9B574} = {9C35F59F-0936-4101-A08C-8073A602DDED}
		{7EEA04CB-9602-4A43-B836-FD724C61C2BC} = {9C35F59F-0936-4101-A08C-8073A602DDED}
	EndGlobalSection
EndGlobal
